
Microsoft Visual Studio Solution File, Format Version 12.00
# Visual Studio Version 17
VisualStudioVersion = 17.6.33829.357
MinimumVisualStudioVersion = 10.0.40219.1
Project("{2150E333-8FDC-42A3-9474-1A3956D46DE8}") = "lesson_15", "lesson_15", "{658925D8-4DC5-4000-A4FD-6601BA16FF36}"
EndProject
Project("{2150E333-8FDC-42A3-9474-1A3956D46DE8}") = "lesson_16", "lesson_16", "{F551023D-520A-4489-90ED-FEB0095FD53C}"
EndProject
Project("{2150E333-8FDC-42A3-9474-1A3956D46DE8}") = "pracrice", "pracrice", "{352BDBAE-27D5-4081-8200-D38A5D1CB36D}"
EndProject
Project("{8BC9CEB8-8B4A-11D0-8D11-00A0C91BC942}") = "task_1", "lesson_15\practice\task_1\task_1.vcxproj", "{B894BD36-20BA-416D-B36D-3D1C7E8E5BD1}"
EndProject
Project("{8BC9CEB8-8B4A-11D0-8D11-00A0C91BC942}") = "task_2", "lesson_15\practice\task_2\task_2.vcxproj", "{FB30BCA9-C784-472F-B1E1-E6ED17BCBC2E}"
EndProject
Project("{8BC9CEB8-8B4A-11D0-8D11-00A0C91BC942}") = "task_3", "lesson_15\practice\task_3\task_3.vcxproj", "{2BC6B2F5-1164-41F5-BCCD-0225A180BC91}"
EndProject
Project("{8BC9CEB8-8B4A-11D0-8D11-00A0C91BC942}") = "task_4", "lesson_15\practice\task_4\task_4.vcxproj", "{791A2478-D708-4631-B144-6BCCA696404E}"
EndProject
Project("{2150E333-8FDC-42A3-9474-1A3956D46DE8}") = "practice", "practice", "{FD6B5BE1-B890-44AE-9744-6741E2F53D63}"
EndProject
Project("{8BC9CEB8-8B4A-11D0-8D11-00A0C91BC942}") = "task_1", "lesson_16\practice\task_1\task_1.vcxproj", "{4270684D-4ADC-4103-9138-2A3AAF77975A}"
EndProject
Global
	GlobalSection(SolutionConfigurationPlatforms) = preSolution
		Debug|x64 = Debug|x64
		Debug|x86 = Debug|x86
		Release|x64 = Release|x64
		Release|x86 = Release|x86
	EndGlobalSection
	GlobalSection(ProjectConfigurationPlatforms) = postSolution
		{B894BD36-20BA-416D-B36D-3D1C7E8E5BD1}.Debug|x64.ActiveCfg = Debug|x64
		{B894BD36-20BA-416D-B36D-3D1C7E8E5BD1}.Debug|x64.Build.0 = Debug|x64
		{B894BD36-20BA-416D-B36D-3D1C7E8E5BD1}.Debug|x86.ActiveCfg = Debug|Win32
		{B894BD36-20BA-416D-B36D-3D1C7E8E5BD1}.Debug|x86.Build.0 = Debug|Win32
		{B894BD36-20BA-416D-B36D-3D1C7E8E5BD1}.Release|x64.ActiveCfg = Release|x64
		{B894BD36-20BA-416D-B36D-3D1C7E8E5BD1}.Release|x64.Build.0 = Release|x64
		{B894BD36-20BA-416D-B36D-3D1C7E8E5BD1}.Release|x86.ActiveCfg = Release|Win32
		{B894BD36-20BA-416D-B36D-3D1C7E8E5BD1}.Release|x86.Build.0 = Release|Win32
		{FB30BCA9-C784-472F-B1E1-E6ED17BCBC2E}.Debug|x64.ActiveCfg = Debug|x64
		{FB30BCA9-C784-472F-B1E1-E6ED17BCBC2E}.Debug|x64.Build.0 = Debug|x64
		{FB30BCA9-C784-472F-B1E1-E6ED17BCBC2E}.Debug|x86.ActiveCfg = Debug|Win32
		{FB30BCA9-C784-472F-B1E1-E6ED17BCBC2E}.Debug|x86.Build.0 = Debug|Win32
		{FB30BCA9-C784-472F-B1E1-E6ED17BCBC2E}.Release|x64.ActiveCfg = Release|x64
		{FB30BCA9-C784-472F-B1E1-E6ED17BCBC2E}.Release|x64.Build.0 = Release|x64
		{FB30BCA9-C784-472F-B1E1-E6ED17BCBC2E}.Release|x86.ActiveCfg = Release|Win32
		{FB30BCA9-C784-472F-B1E1-E6ED17BCBC2E}.Release|x86.Build.0 = Release|Win32
		{2BC6B2F5-1164-41F5-BCCD-0225A180BC91}.Debug|x64.ActiveCfg = Debug|x64
		{2BC6B2F5-1164-41F5-BCCD-0225A180BC91}.Debug|x64.Build.0 = Debug|x64
		{2BC6B2F5-1164-41F5-BCCD-0225A180BC91}.Debug|x86.ActiveCfg = Debug|Win32
		{2BC6B2F5-1164-41F5-BCCD-0225A180BC91}.Debug|x86.Build.0 = Debug|Win32
		{2BC6B2F5-1164-41F5-BCCD-0225A180BC91}.Release|x64.ActiveCfg = Release|x64
		{2BC6B2F5-1164-41F5-BCCD-0225A180BC91}.Release|x64.Build.0 = Release|x64
		{2BC6B2F5-1164-41F5-BCCD-0225A180BC91}.Release|x86.ActiveCfg = Release|Win32
		{2BC6B2F5-1164-41F5-BCCD-0225A180BC91}.Release|x86.Build.0 = Release|Win32
		{791A2478-D708-4631-B144-6BCCA696404E}.Debug|x64.ActiveCfg = Debug|x64
		{791A2478-D708-4631-B144-6BCCA696404E}.Debug|x64.Build.0 = Debug|x64
		{791A2478-D708-4631-B144-6BCCA696404E}.Debug|x86.ActiveCfg = Debug|Win32
		{791A2478-D708-4631-B144-6BCCA696404E}.Debug|x86.Build.0 = Debug|Win32
		{791A2478-D708-4631-B144-6BCCA696404E}.Release|x64.ActiveCfg = Release|x64
		{791A2478-D708-4631-B144-6BCCA696404E}.Release|x64.Build.0 = Release|x64
		{791A2478-D708-4631-B144-6BCCA696404E}.Release|x86.ActiveCfg = Release|Win32
		{791A2478-D708-4631-B144-6BCCA696404E}.Release|x86.Build.0 = Release|Win32
		{4270684D-4ADC-4103-9138-2A3AAF77975A}.Debug|x64.ActiveCfg = Debug|x64
		{4270684D-4ADC-4103-9138-2A3AAF77975A}.Debug|x64.Build.0 = Debug|x64
		{4270684D-4ADC-4103-9138-2A3AAF77975A}.Debug|x86.ActiveCfg = Debug|Win32
		{4270684D-4ADC-4103-9138-2A3AAF77975A}.Debug|x86.Build.0 = Debug|Win32
		{4270684D-4ADC-4103-9138-2A3AAF77975A}.Release|x64.ActiveCfg = Release|x64
		{4270684D-4ADC-4103-9138-2A3AAF77975A}.Release|x64.Build.0 = Release|x64
		{4270684D-4ADC-4103-9138-2A3AAF77975A}.Release|x86.ActiveCfg = Release|Win32
		{4270684D-4ADC-4103-9138-2A3AAF77975A}.Release|x86.Build.0 = Release|Win32
	EndGlobalSection
	GlobalSection(SolutionProperties) = preSolution
		HideSolutionNode = FALSE
	EndGlobalSection
	GlobalSection(NestedProjects) = preSolution
		{352BDBAE-27D5-4081-8200-D38A5D1CB36D} = {658925D8-4DC5-4000-A4FD-6601BA16FF36}
		{B894BD36-20BA-416D-B36D-3D1C7E8E5BD1} = {352BDBAE-27D5-4081-8200-D38A5D1CB36D}
		{FB30BCA9-C784-472F-B1E1-E6ED17BCBC2E} = {352BDBAE-27D5-4081-8200-D38A5D1CB36D}
		{2BC6B2F5-1164-41F5-BCCD-0225A180BC91} = {352BDBAE-27D5-4081-8200-D38A5D1CB36D}
		{791A2478-D708-4631-B144-6BCCA696404E} = {352BDBAE-27D5-4081-8200-D38A5D1CB36D}
		{FD6B5BE1-B890-44AE-9744-6741E2F53D63} = {F551023D-520A-4489-90ED-FEB0095FD53C}
		{4270684D-4ADC-4103-9138-2A3AAF77975A} = {FD6B5BE1-B890-44AE-9744-6741E2F53D63}
	EndGlobalSection
	GlobalSection(ExtensibilityGlobals) = postSolution
		SolutionGuid = {E1B190D7-0FDC-4F3B-8BAF-BA515E9F7664}
	EndGlobalSection
EndGlobal
