
Microsoft Visual Studio Solution File, Format Version 12.00
# Visual Studio Version 17
VisualStudioVersion = 17.6.33829.357
MinimumVisualStudioVersion = 10.0.40219.1
Project("{2150E333-8FDC-42A3-9474-1A3956D46DE8}") = "lesson_15", "lesson_15", "{658925D8-4DC5-4000-A4FD-6601BA16FF36}"
EndProject
Project("{2150E333-8FDC-42A3-9474-1A3956D46DE8}") = "lesson_16", "lesson_16", "{F551023D-520A-4489-90ED-FEB0095FD53C}"
EndProject
Project("{2150E333-8FDC-42A3-9474-1A3956D46DE8}") = "pracrice", "pracrice", "{352BDBAE-27D5-4081-8200-D38A5D1CB36D}"
EndProject
Project("{8BC9CEB8-8B4A-11D0-8D11-00A0C91BC942}") = "task_1", "lesson_15\practice\task_1\task_1.vcxproj", "{B894BD36-20BA-416D-B36D-3D1C7E8E5BD1}"
EndProject
Project("{8BC9CEB8-8B4A-11D0-8D11-00A0C91BC942}") = "task_2", "lesson_15\practice\task_2\task_2.vcxproj", "{FB30BCA9-C784-472F-B1E1-E6ED17BCBC2E}"
EndProject
Project("{8BC9CEB8-8B4A-11D0-8D11-00A0C91BC942}") = "task_3", "lesson_15\practice\task_3\task_3.vcxproj", "{2BC6B2F5-1164-41F5-BCCD-0225A180BC91}"
EndProject
Project("{8BC9CEB8-8B4A-11D0-8D11-00A0C91BC942}") = "task_4", "lesson_15\practice\task_4\task_4.vcxproj", "{791A2478-D708-4631-B144-6BCCA696404E}"
EndProject
Project("{2150E333-8FDC-42A3-9474-1A3956D46DE8}") = "practice", "practice", "{FD6B5BE1-B890-44AE-9744-6741E2F53D63}"
EndProject
Project("{8BC9CEB8-8B4A-11D0-8D11-00A0C91BC942}") = "task_1", "lesson_16\practice\task_1\task_1.vcxproj", "{4270684D-4ADC-4103-9138-2A3AAF77975A}"
EndProject
Project("{2150E333-8FDC-42A3-9474-1A3956D46DE8}") = "hohework", "hohework", "{98D2355A-1991-41C0-94BD-AC66E2FE305D}"
EndProject
Project("{8BC9CEB8-8B4A-11D0-8D11-00A0C91BC942}") = "task_1", "lesson_16\homework\task_1\task_1.vcxproj", "{78621551-37B4-4657-9614-ECD4C44B7911}"
EndProject
Project("{2150E333-8FDC-42A3-9474-1A3956D46DE8}") = "homework2", "homework2", "{E7B44E04-3979-4C3C-9488-65EF67A7D2A6}"
EndProject
Project("{8BC9CEB8-8B4A-11D0-8D11-00A0C91BC942}") = "task_1", "lesson_16\homework2\task_1\task_1.vcxproj", "{A9FDE278-502F-4C28-8660-886B9F2CDF06}"
EndProject
Project("{2150E333-8FDC-42A3-9474-1A3956D46DE8}") = "lesson_17", "lesson_17", "{E42CD9D2-F1B7-4FAD-AC4C-F1DCA7C56539}"
EndProject
Project("{2150E333-8FDC-42A3-9474-1A3956D46DE8}") = "homework1", "homework1", "{E5A0BCE6-A7D1-490E-BE13-578A151DA0B3}"
EndProject
Project("{8BC9CEB8-8B4A-11D0-8D11-00A0C91BC942}") = "task_1", "lesson_17\homework1\task_1\task_1.vcxproj", "{23A373F4-9EED-4C84-8736-9C0AF49755CE}"
EndProject
Project("{8BC9CEB8-8B4A-11D0-8D11-00A0C91BC942}") = "task_2", "lesson_17\homework1\task_2\task_2.vcxproj", "{3FB78244-B5FC-4D96-9F3F-962ED6A06E5B}"
EndProject
Project("{8BC9CEB8-8B4A-11D0-8D11-00A0C91BC942}") = "task_3", "lesson_17\homework1\task_3\task_3.vcxproj", "{7444B126-9855-45C0-A331-89B0168E83C8}"
EndProject
Project("{2150E333-8FDC-42A3-9474-1A3956D46DE8}") = "testing", "testing", "{C6F1208C-6C3D-4DAB-993E-D766B2D39624}"
EndProject
Project("{8BC9CEB8-8B4A-11D0-8D11-00A0C91BC942}") = "03.06", "testing\03.06\03.06.vcxproj", "{AE1C9663-7E93-4285-A27D-3659D5258782}"
EndProject
Project("{2150E333-8FDC-42A3-9474-1A3956D46DE8}") = "homework2", "homework2", "{A72F4554-009B-4A67-AB26-DE593619DD87}"
EndProject
Project("{8BC9CEB8-8B4A-11D0-8D11-00A0C91BC942}") = "task_1", "lesson_17\homework2\task_1\task_1.vcxproj", "{7AFBC717-EAFB-4FBD-BE88-F9E1AF59300F}"
EndProject
Project("{8BC9CEB8-8B4A-11D0-8D11-00A0C91BC942}") = "task_2", "lesson_17\homework2\task_2\task_2.vcxproj", "{9F8286D2-7E64-468A-9EF2-331436D19E3F}"
EndProject
Project("{2150E333-8FDC-42A3-9474-1A3956D46DE8}") = "practice2", "practice2", "{DDFCFC99-EAC0-4941-AE59-DBC4035FEEF0}"
EndProject
Project("{8BC9CEB8-8B4A-11D0-8D11-00A0C91BC942}") = "task_1", "lesson_16\practice2\task_1\task_1.vcxproj", "{D0024BCB-C9C4-4234-9AD0-58BAFD0CC023}"
EndProject
Project("{2150E333-8FDC-42A3-9474-1A3956D46DE8}") = "week_18", "week_18", "{F10419F7-C371-406F-996E-C564938F5D0D}"
EndProject
Project("{2150E333-8FDC-42A3-9474-1A3956D46DE8}") = "homework", "homework", "{2F327E75-A680-465B-A586-52523C433F76}"
EndProject
Project("{8BC9CEB8-8B4A-11D0-8D11-00A0C91BC942}") = "task_1", "week_18\homework\task_1\task_1.vcxproj", "{B4B4D13B-030A-45DD-B424-505CF04E04FC}"
EndProject
Project("{8BC9CEB8-8B4A-11D0-8D11-00A0C91BC942}") = "task_2", "week_18\homework\task_2\task_2.vcxproj", "{FF042697-AD34-45B2-9729-E43EAA55A86A}"
EndProject
Project("{2150E333-8FDC-42A3-9474-1A3956D46DE8}") = "homework2", "homework2", "{626C204D-21EA-42F0-B521-FDCD969E0232}"
EndProject
Project("{8BC9CEB8-8B4A-11D0-8D11-00A0C91BC942}") = "task_1", "week_18\homework2\task_1\task_1.vcxproj", "{6810A261-5A29-41CE-83D7-61C90660A00C}"
EndProject
Project("{8BC9CEB8-8B4A-11D0-8D11-00A0C91BC942}") = "task_2", "week_18\homework2\task_2\task_2.vcxproj", "{0A37E63F-E698-43CE-9094-892409D1765C}"
EndProject
Project("{2150E333-8FDC-42A3-9474-1A3956D46DE8}") = "week_19", "week_19", "{EA3ED998-E533-4D77-8DA8-68FC62CCFF5B}"
EndProject
Project("{2150E333-8FDC-42A3-9474-1A3956D46DE8}") = "homework", "homework", "{C702D996-9B45-495C-953B-881D0FD4A7C3}"
EndProject
Project("{8BC9CEB8-8B4A-11D0-8D11-00A0C91BC942}") = "task_1", "week_19\homework\task_1\task_1.vcxproj", "{B0168E4A-9CD2-4A58-8747-14CF81479139}"
EndProject
Global
	GlobalSection(SolutionConfigurationPlatforms) = preSolution
		Debug|x64 = Debug|x64
		Debug|x86 = Debug|x86
		Release|x64 = Release|x64
		Release|x86 = Release|x86
	EndGlobalSection
	GlobalSection(ProjectConfigurationPlatforms) = postSolution
		{B894BD36-20BA-416D-B36D-3D1C7E8E5BD1}.Debug|x64.ActiveCfg = Debug|x64
		{B894BD36-20BA-416D-B36D-3D1C7E8E5BD1}.Debug|x64.Build.0 = Debug|x64
		{B894BD36-20BA-416D-B36D-3D1C7E8E5BD1}.Debug|x86.ActiveCfg = Debug|Win32
		{B894BD36-20BA-416D-B36D-3D1C7E8E5BD1}.Debug|x86.Build.0 = Debug|Win32
		{B894BD36-20BA-416D-B36D-3D1C7E8E5BD1}.Release|x64.ActiveCfg = Release|x64
		{B894BD36-20BA-416D-B36D-3D1C7E8E5BD1}.Release|x64.Build.0 = Release|x64
		{B894BD36-20BA-416D-B36D-3D1C7E8E5BD1}.Release|x86.ActiveCfg = Release|Win32
		{B894BD36-20BA-416D-B36D-3D1C7E8E5BD1}.Release|x86.Build.0 = Release|Win32
		{FB30BCA9-C784-472F-B1E1-E6ED17BCBC2E}.Debug|x64.ActiveCfg = Debug|x64
		{FB30BCA9-C784-472F-B1E1-E6ED17BCBC2E}.Debug|x64.Build.0 = Debug|x64
		{FB30BCA9-C784-472F-B1E1-E6ED17BCBC2E}.Debug|x86.ActiveCfg = Debug|Win32
		{FB30BCA9-C784-472F-B1E1-E6ED17BCBC2E}.Debug|x86.Build.0 = Debug|Win32
		{FB30BCA9-C784-472F-B1E1-E6ED17BCBC2E}.Release|x64.ActiveCfg = Release|x64
		{FB30BCA9-C784-472F-B1E1-E6ED17BCBC2E}.Release|x64.Build.0 = Release|x64
		{FB30BCA9-C784-472F-B1E1-E6ED17BCBC2E}.Release|x86.ActiveCfg = Release|Win32
		{FB30BCA9-C784-472F-B1E1-E6ED17BCBC2E}.Release|x86.Build.0 = Release|Win32
		{2BC6B2F5-1164-41F5-BCCD-0225A180BC91}.Debug|x64.ActiveCfg = Debug|x64
		{2BC6B2F5-1164-41F5-BCCD-0225A180BC91}.Debug|x64.Build.0 = Debug|x64
		{2BC6B2F5-1164-41F5-BCCD-0225A180BC91}.Debug|x86.ActiveCfg = Debug|Win32
		{2BC6B2F5-1164-41F5-BCCD-0225A180BC91}.Debug|x86.Build.0 = Debug|Win32
		{2BC6B2F5-1164-41F5-BCCD-0225A180BC91}.Release|x64.ActiveCfg = Release|x64
		{2BC6B2F5-1164-41F5-BCCD-0225A180BC91}.Release|x64.Build.0 = Release|x64
		{2BC6B2F5-1164-41F5-BCCD-0225A180BC91}.Release|x86.ActiveCfg = Release|Win32
		{2BC6B2F5-1164-41F5-BCCD-0225A180BC91}.Release|x86.Build.0 = Release|Win32
		{791A2478-D708-4631-B144-6BCCA696404E}.Debug|x64.ActiveCfg = Debug|x64
		{791A2478-D708-4631-B144-6BCCA696404E}.Debug|x64.Build.0 = Debug|x64
		{791A2478-D708-4631-B144-6BCCA696404E}.Debug|x86.ActiveCfg = Debug|Win32
		{791A2478-D708-4631-B144-6BCCA696404E}.Debug|x86.Build.0 = Debug|Win32
		{791A2478-D708-4631-B144-6BCCA696404E}.Release|x64.ActiveCfg = Release|x64
		{791A2478-D708-4631-B144-6BCCA696404E}.Release|x64.Build.0 = Release|x64
		{791A2478-D708-4631-B144-6BCCA696404E}.Release|x86.ActiveCfg = Release|Win32
		{791A2478-D708-4631-B144-6BCCA696404E}.Release|x86.Build.0 = Release|Win32
		{4270684D-4ADC-4103-9138-2A3AAF77975A}.Debug|x64.ActiveCfg = Debug|x64
		{4270684D-4ADC-4103-9138-2A3AAF77975A}.Debug|x64.Build.0 = Debug|x64
		{4270684D-4ADC-4103-9138-2A3AAF77975A}.Debug|x86.ActiveCfg = Debug|Win32
		{4270684D-4ADC-4103-9138-2A3AAF77975A}.Debug|x86.Build.0 = Debug|Win32
		{4270684D-4ADC-4103-9138-2A3AAF77975A}.Release|x64.ActiveCfg = Release|x64
		{4270684D-4ADC-4103-9138-2A3AAF77975A}.Release|x64.Build.0 = Release|x64
		{4270684D-4ADC-4103-9138-2A3AAF77975A}.Release|x86.ActiveCfg = Release|Win32
		{4270684D-4ADC-4103-9138-2A3AAF77975A}.Release|x86.Build.0 = Release|Win32
		{78621551-37B4-4657-9614-ECD4C44B7911}.Debug|x64.ActiveCfg = Debug|x64
		{78621551-37B4-4657-9614-ECD4C44B7911}.Debug|x64.Build.0 = Debug|x64
		{78621551-37B4-4657-9614-ECD4C44B7911}.Debug|x86.ActiveCfg = Debug|Win32
		{78621551-37B4-4657-9614-ECD4C44B7911}.Debug|x86.Build.0 = Debug|Win32
		{78621551-37B4-4657-9614-ECD4C44B7911}.Release|x64.ActiveCfg = Release|x64
		{78621551-37B4-4657-9614-ECD4C44B7911}.Release|x64.Build.0 = Release|x64
		{78621551-37B4-4657-9614-ECD4C44B7911}.Release|x86.ActiveCfg = Release|Win32
		{78621551-37B4-4657-9614-ECD4C44B7911}.Release|x86.Build.0 = Release|Win32
		{A9FDE278-502F-4C28-8660-886B9F2CDF06}.Debug|x64.ActiveCfg = Debug|x64
		{A9FDE278-502F-4C28-8660-886B9F2CDF06}.Debug|x64.Build.0 = Debug|x64
		{A9FDE278-502F-4C28-8660-886B9F2CDF06}.Debug|x86.ActiveCfg = Debug|Win32
		{A9FDE278-502F-4C28-8660-886B9F2CDF06}.Debug|x86.Build.0 = Debug|Win32
		{A9FDE278-502F-4C28-8660-886B9F2CDF06}.Release|x64.ActiveCfg = Release|x64
		{A9FDE278-502F-4C28-8660-886B9F2CDF06}.Release|x64.Build.0 = Release|x64
		{A9FDE278-502F-4C28-8660-886B9F2CDF06}.Release|x86.ActiveCfg = Release|Win32
		{A9FDE278-502F-4C28-8660-886B9F2CDF06}.Release|x86.Build.0 = Release|Win32
		{23A373F4-9EED-4C84-8736-9C0AF49755CE}.Debug|x64.ActiveCfg = Debug|x64
		{23A373F4-9EED-4C84-8736-9C0AF49755CE}.Debug|x64.Build.0 = Debug|x64
		{23A373F4-9EED-4C84-8736-9C0AF49755CE}.Debug|x86.ActiveCfg = Debug|Win32
		{23A373F4-9EED-4C84-8736-9C0AF49755CE}.Debug|x86.Build.0 = Debug|Win32
		{23A373F4-9EED-4C84-8736-9C0AF49755CE}.Release|x64.ActiveCfg = Release|x64
		{23A373F4-9EED-4C84-8736-9C0AF49755CE}.Release|x64.Build.0 = Release|x64
		{23A373F4-9EED-4C84-8736-9C0AF49755CE}.Release|x86.ActiveCfg = Release|Win32
		{23A373F4-9EED-4C84-8736-9C0AF49755CE}.Release|x86.Build.0 = Release|Win32
		{3FB78244-B5FC-4D96-9F3F-962ED6A06E5B}.Debug|x64.ActiveCfg = Debug|x64
		{3FB78244-B5FC-4D96-9F3F-962ED6A06E5B}.Debug|x64.Build.0 = Debug|x64
		{3FB78244-B5FC-4D96-9F3F-962ED6A06E5B}.Debug|x86.ActiveCfg = Debug|Win32
		{3FB78244-B5FC-4D96-9F3F-962ED6A06E5B}.Debug|x86.Build.0 = Debug|Win32
		{3FB78244-B5FC-4D96-9F3F-962ED6A06E5B}.Release|x64.ActiveCfg = Release|x64
		{3FB78244-B5FC-4D96-9F3F-962ED6A06E5B}.Release|x64.Build.0 = Release|x64
		{3FB78244-B5FC-4D96-9F3F-962ED6A06E5B}.Release|x86.ActiveCfg = Release|Win32
		{3FB78244-B5FC-4D96-9F3F-962ED6A06E5B}.Release|x86.Build.0 = Release|Win32
		{7444B126-9855-45C0-A331-89B0168E83C8}.Debug|x64.ActiveCfg = Debug|x64
		{7444B126-9855-45C0-A331-89B0168E83C8}.Debug|x64.Build.0 = Debug|x64
		{7444B126-9855-45C0-A331-89B0168E83C8}.Debug|x86.ActiveCfg = Debug|Win32
		{7444B126-9855-45C0-A331-89B0168E83C8}.Debug|x86.Build.0 = Debug|Win32
		{7444B126-9855-45C0-A331-89B0168E83C8}.Release|x64.ActiveCfg = Release|x64
		{7444B126-9855-45C0-A331-89B0168E83C8}.Release|x64.Build.0 = Release|x64
		{7444B126-9855-45C0-A331-89B0168E83C8}.Release|x86.ActiveCfg = Release|Win32
		{7444B126-9855-45C0-A331-89B0168E83C8}.Release|x86.Build.0 = Release|Win32
		{AE1C9663-7E93-4285-A27D-3659D5258782}.Debug|x64.ActiveCfg = Debug|x64
		{AE1C9663-7E93-4285-A27D-3659D5258782}.Debug|x64.Build.0 = Debug|x64
		{AE1C9663-7E93-4285-A27D-3659D5258782}.Debug|x86.ActiveCfg = Debug|Win32
		{AE1C9663-7E93-4285-A27D-3659D5258782}.Debug|x86.Build.0 = Debug|Win32
		{AE1C9663-7E93-4285-A27D-3659D5258782}.Release|x64.ActiveCfg = Release|x64
		{AE1C9663-7E93-4285-A27D-3659D5258782}.Release|x64.Build.0 = Release|x64
		{AE1C9663-7E93-4285-A27D-3659D5258782}.Release|x86.ActiveCfg = Release|Win32
		{AE1C9663-7E93-4285-A27D-3659D5258782}.Release|x86.Build.0 = Release|Win32
		{7AFBC717-EAFB-4FBD-BE88-F9E1AF59300F}.Debug|x64.ActiveCfg = Debug|x64
		{7AFBC717-EAFB-4FBD-BE88-F9E1AF59300F}.Debug|x64.Build.0 = Debug|x64
		{7AFBC717-EAFB-4FBD-BE88-F9E1AF59300F}.Debug|x86.ActiveCfg = Debug|Win32
		{7AFBC717-EAFB-4FBD-BE88-F9E1AF59300F}.Debug|x86.Build.0 = Debug|Win32
		{7AFBC717-EAFB-4FBD-BE88-F9E1AF59300F}.Release|x64.ActiveCfg = Release|x64
		{7AFBC717-EAFB-4FBD-BE88-F9E1AF59300F}.Release|x64.Build.0 = Release|x64
		{7AFBC717-EAFB-4FBD-BE88-F9E1AF59300F}.Release|x86.ActiveCfg = Release|Win32
		{7AFBC717-EAFB-4FBD-BE88-F9E1AF59300F}.Release|x86.Build.0 = Release|Win32
		{9F8286D2-7E64-468A-9EF2-331436D19E3F}.Debug|x64.ActiveCfg = Debug|x64
		{9F8286D2-7E64-468A-9EF2-331436D19E3F}.Debug|x64.Build.0 = Debug|x64
		{9F8286D2-7E64-468A-9EF2-331436D19E3F}.Debug|x86.ActiveCfg = Debug|Win32
		{9F8286D2-7E64-468A-9EF2-331436D19E3F}.Debug|x86.Build.0 = Debug|Win32
		{9F8286D2-7E64-468A-9EF2-331436D19E3F}.Release|x64.ActiveCfg = Release|x64
		{9F8286D2-7E64-468A-9EF2-331436D19E3F}.Release|x64.Build.0 = Release|x64
		{9F8286D2-7E64-468A-9EF2-331436D19E3F}.Release|x86.ActiveCfg = Release|Win32
		{9F8286D2-7E64-468A-9EF2-331436D19E3F}.Release|x86.Build.0 = Release|Win32
		{D0024BCB-C9C4-4234-9AD0-58BAFD0CC023}.Debug|x64.ActiveCfg = Debug|x64
		{D0024BCB-C9C4-4234-9AD0-58BAFD0CC023}.Debug|x64.Build.0 = Debug|x64
		{D0024BCB-C9C4-4234-9AD0-58BAFD0CC023}.Debug|x86.ActiveCfg = Debug|Win32
		{D0024BCB-C9C4-4234-9AD0-58BAFD0CC023}.Debug|x86.Build.0 = Debug|Win32
		{D0024BCB-C9C4-4234-9AD0-58BAFD0CC023}.Release|x64.ActiveCfg = Release|x64
		{D0024BCB-C9C4-4234-9AD0-58BAFD0CC023}.Release|x64.Build.0 = Release|x64
		{D0024BCB-C9C4-4234-9AD0-58BAFD0CC023}.Release|x86.ActiveCfg = Release|Win32
		{D0024BCB-C9C4-4234-9AD0-58BAFD0CC023}.Release|x86.Build.0 = Release|Win32
		{B4B4D13B-030A-45DD-B424-505CF04E04FC}.Debug|x64.ActiveCfg = Debug|x64
		{B4B4D13B-030A-45DD-B424-505CF04E04FC}.Debug|x64.Build.0 = Debug|x64
		{B4B4D13B-030A-45DD-B424-505CF04E04FC}.Debug|x86.ActiveCfg = Debug|Win32
		{B4B4D13B-030A-45DD-B424-505CF04E04FC}.Debug|x86.Build.0 = Debug|Win32
		{B4B4D13B-030A-45DD-B424-505CF04E04FC}.Release|x64.ActiveCfg = Release|x64
		{B4B4D13B-030A-45DD-B424-505CF04E04FC}.Release|x64.Build.0 = Release|x64
		{B4B4D13B-030A-45DD-B424-505CF04E04FC}.Release|x86.ActiveCfg = Release|Win32
		{B4B4D13B-030A-45DD-B424-505CF04E04FC}.Release|x86.Build.0 = Release|Win32
		{FF042697-AD34-45B2-9729-E43EAA55A86A}.Debug|x64.ActiveCfg = Debug|x64
		{FF042697-AD34-45B2-9729-E43EAA55A86A}.Debug|x64.Build.0 = Debug|x64
		{FF042697-AD34-45B2-9729-E43EAA55A86A}.Debug|x86.ActiveCfg = Debug|Win32
		{FF042697-AD34-45B2-9729-E43EAA55A86A}.Debug|x86.Build.0 = Debug|Win32
		{FF042697-AD34-45B2-9729-E43EAA55A86A}.Release|x64.ActiveCfg = Release|x64
		{FF042697-AD34-45B2-9729-E43EAA55A86A}.Release|x64.Build.0 = Release|x64
		{FF042697-AD34-45B2-9729-E43EAA55A86A}.Release|x86.ActiveCfg = Release|Win32
		{FF042697-AD34-45B2-9729-E43EAA55A86A}.Release|x86.Build.0 = Release|Win32
		{6810A261-5A29-41CE-83D7-61C90660A00C}.Debug|x64.ActiveCfg = Debug|x64
		{6810A261-5A29-41CE-83D7-61C90660A00C}.Debug|x64.Build.0 = Debug|x64
		{6810A261-5A29-41CE-83D7-61C90660A00C}.Debug|x86.ActiveCfg = Debug|Win32
		{6810A261-5A29-41CE-83D7-61C90660A00C}.Debug|x86.Build.0 = Debug|Win32
		{6810A261-5A29-41CE-83D7-61C90660A00C}.Release|x64.ActiveCfg = Release|x64
		{6810A261-5A29-41CE-83D7-61C90660A00C}.Release|x64.Build.0 = Release|x64
		{6810A261-5A29-41CE-83D7-61C90660A00C}.Release|x86.ActiveCfg = Release|Win32
		{6810A261-5A29-41CE-83D7-61C90660A00C}.Release|x86.Build.0 = Release|Win32
		{0A37E63F-E698-43CE-9094-892409D1765C}.Debug|x64.ActiveCfg = Debug|x64
		{0A37E63F-E698-43CE-9094-892409D1765C}.Debug|x64.Build.0 = Debug|x64
		{0A37E63F-E698-43CE-9094-892409D1765C}.Debug|x86.ActiveCfg = Debug|Win32
		{0A37E63F-E698-43CE-9094-892409D1765C}.Debug|x86.Build.0 = Debug|Win32
		{0A37E63F-E698-43CE-9094-892409D1765C}.Release|x64.ActiveCfg = Release|x64
		{0A37E63F-E698-43CE-9094-892409D1765C}.Release|x64.Build.0 = Release|x64
		{0A37E63F-E698-43CE-9094-892409D1765C}.Release|x86.ActiveCfg = Release|Win32
		{0A37E63F-E698-43CE-9094-892409D1765C}.Release|x86.Build.0 = Release|Win32
		{B0168E4A-9CD2-4A58-8747-14CF81479139}.Debug|x64.ActiveCfg = Debug|x64
		{B0168E4A-9CD2-4A58-8747-14CF81479139}.Debug|x64.Build.0 = Debug|x64
		{B0168E4A-9CD2-4A58-8747-14CF81479139}.Debug|x86.ActiveCfg = Debug|Win32
		{B0168E4A-9CD2-4A58-8747-14CF81479139}.Debug|x86.Build.0 = Debug|Win32
		{B0168E4A-9CD2-4A58-8747-14CF81479139}.Release|x64.ActiveCfg = Release|x64
		{B0168E4A-9CD2-4A58-8747-14CF81479139}.Release|x64.Build.0 = Release|x64
		{B0168E4A-9CD2-4A58-8747-14CF81479139}.Release|x86.ActiveCfg = Release|Win32
		{B0168E4A-9CD2-4A58-8747-14CF81479139}.Release|x86.Build.0 = Release|Win32
	EndGlobalSection
	GlobalSection(SolutionProperties) = preSolution
		HideSolutionNode = FALSE
	EndGlobalSection
	GlobalSection(NestedProjects) = preSolution
		{352BDBAE-27D5-4081-8200-D38A5D1CB36D} = {658925D8-4DC5-4000-A4FD-6601BA16FF36}
		{B894BD36-20BA-416D-B36D-3D1C7E8E5BD1} = {352BDBAE-27D5-4081-8200-D38A5D1CB36D}
		{FB30BCA9-C784-472F-B1E1-E6ED17BCBC2E} = {352BDBAE-27D5-4081-8200-D38A5D1CB36D}
		{2BC6B2F5-1164-41F5-BCCD-0225A180BC91} = {352BDBAE-27D5-4081-8200-D38A5D1CB36D}
		{791A2478-D708-4631-B144-6BCCA696404E} = {352BDBAE-27D5-4081-8200-D38A5D1CB36D}
		{FD6B5BE1-B890-44AE-9744-6741E2F53D63} = {F551023D-520A-4489-90ED-FEB0095FD53C}
		{4270684D-4ADC-4103-9138-2A3AAF77975A} = {FD6B5BE1-B890-44AE-9744-6741E2F53D63}
		{98D2355A-1991-41C0-94BD-AC66E2FE305D} = {F551023D-520A-4489-90ED-FEB0095FD53C}
		{78621551-37B4-4657-9614-ECD4C44B7911} = {98D2355A-1991-41C0-94BD-AC66E2FE305D}
		{E7B44E04-3979-4C3C-9488-65EF67A7D2A6} = {F551023D-520A-4489-90ED-FEB0095FD53C}
		{A9FDE278-502F-4C28-8660-886B9F2CDF06} = {E7B44E04-3979-4C3C-9488-65EF67A7D2A6}
		{E5A0BCE6-A7D1-490E-BE13-578A151DA0B3} = {E42CD9D2-F1B7-4FAD-AC4C-F1DCA7C56539}
		{23A373F4-9EED-4C84-8736-9C0AF49755CE} = {E5A0BCE6-A7D1-490E-BE13-578A151DA0B3}
		{3FB78244-B5FC-4D96-9F3F-962ED6A06E5B} = {E5A0BCE6-A7D1-490E-BE13-578A151DA0B3}
		{7444B126-9855-45C0-A331-89B0168E83C8} = {E5A0BCE6-A7D1-490E-BE13-578A151DA0B3}
		{AE1C9663-7E93-4285-A27D-3659D5258782} = {C6F1208C-6C3D-4DAB-993E-D766B2D39624}
		{A72F4554-009B-4A67-AB26-DE593619DD87} = {E42CD9D2-F1B7-4FAD-AC4C-F1DCA7C56539}
		{7AFBC717-EAFB-4FBD-BE88-F9E1AF59300F} = {A72F4554-009B-4A67-AB26-DE593619DD87}
		{9F8286D2-7E64-468A-9EF2-331436D19E3F} = {A72F4554-009B-4A67-AB26-DE593619DD87}
		{DDFCFC99-EAC0-4941-AE59-DBC4035FEEF0} = {F551023D-520A-4489-90ED-FEB0095FD53C}
		{D0024BCB-C9C4-4234-9AD0-58BAFD0CC023} = {DDFCFC99-EAC0-4941-AE59-DBC4035FEEF0}
		{2F327E75-A680-465B-A586-52523C433F76} = {F10419F7-C371-406F-996E-C564938F5D0D}
		{B4B4D13B-030A-45DD-B424-505CF04E04FC} = {2F327E75-A680-465B-A586-52523C433F76}
		{FF042697-AD34-45B2-9729-E43EAA55A86A} = {2F327E75-A680-465B-A586-52523C433F76}
		{626C204D-21EA-42F0-B521-FDCD969E0232} = {F10419F7-C371-406F-996E-C564938F5D0D}
		{6810A261-5A29-41CE-83D7-61C90660A00C} = {626C204D-21EA-42F0-B521-FDCD969E0232}
		{0A37E63F-E698-43CE-9094-892409D1765C} = {626C204D-21EA-42F0-B521-FDCD969E0232}
		{C702D996-9B45-495C-953B-881D0FD4A7C3} = {EA3ED998-E533-4D77-8DA8-68FC62CCFF5B}
		{B0168E4A-9CD2-4A58-8747-14CF81479139} = {C702D996-9B45-495C-953B-881D0FD4A7C3}
	EndGlobalSection
	GlobalSection(ExtensibilityGlobals) = postSolution
		SolutionGuid = {E1B190D7-0FDC-4F3B-8BAF-BA515E9F7664}
	EndGlobalSection
EndGlobal
