
Microsoft Visual Studio Solution File, Format Version 12.00
# Visual Studio Version 17
VisualStudioVersion = 17.6.33829.357
MinimumVisualStudioVersion = 10.0.40219.1
Project("{2150E333-8FDC-42A3-9474-1A3956D46DE8}") = "lesson_14", "lesson_14", "{658925D8-4DC5-4000-A4FD-6601BA16FF36}"
EndProject
Project("{2150E333-8FDC-42A3-9474-1A3956D46DE8}") = "homework", "homework", "{70393097-8405-443D-AB87-089985880BD5}"
EndProject
Project("{8BC9CEB8-8B4A-11D0-8D11-00A0C91BC942}") = "task_1", "lesson_14\homework\task_1\task_1.vcxproj", "{B928C9CA-C30A-408A-811B-35C68CD556FD}"
EndProject
Global
	GlobalSection(SolutionConfigurationPlatforms) = preSolution
		Debug|x64 = Debug|x64
		Debug|x86 = Debug|x86
		Release|x64 = Release|x64
		Release|x86 = Release|x86
	EndGlobalSection
	GlobalSection(ProjectConfigurationPlatforms) = postSolution
		{B928C9CA-C30A-408A-811B-35C68CD556FD}.Debug|x64.ActiveCfg = Debug|x64
		{B928C9CA-C30A-408A-811B-35C68CD556FD}.Debug|x64.Build.0 = Debug|x64
		{B928C9CA-C30A-408A-811B-35C68CD556FD}.Debug|x86.ActiveCfg = Debug|Win32
		{B928C9CA-C30A-408A-811B-35C68CD556FD}.Debug|x86.Build.0 = Debug|Win32
		{B928C9CA-C30A-408A-811B-35C68CD556FD}.Release|x64.ActiveCfg = Release|x64
		{B928C9CA-C30A-408A-811B-35C68CD556FD}.Release|x64.Build.0 = Release|x64
		{B928C9CA-C30A-408A-811B-35C68CD556FD}.Release|x86.ActiveCfg = Release|Win32
		{B928C9CA-C30A-408A-811B-35C68CD556FD}.Release|x86.Build.0 = Release|Win32
	EndGlobalSection
	GlobalSection(SolutionProperties) = preSolution
		HideSolutionNode = FALSE
	EndGlobalSection
	GlobalSection(NestedProjects) = preSolution
		{70393097-8405-443D-AB87-089985880BD5} = {658925D8-4DC5-4000-A4FD-6601BA16FF36}
		{B928C9CA-C30A-408A-811B-35C68CD556FD} = {70393097-8405-443D-AB87-089985880BD5}
	EndGlobalSection
	GlobalSection(ExtensibilityGlobals) = postSolution
		SolutionGuid = {E1B190D7-0FDC-4F3B-8BAF-BA515E9F7664}
	EndGlobalSection
EndGlobal
